
Microsoft Visual Studio Solution File, Format Version 12.00
# Visual Studio 2013
VisualStudioVersion = 12.0.21005.1
MinimumVisualStudioVersion = 10.0.40219.1
Project("{FAE04EC0-301F-11D3-BF4B-00C04F79EFBC}") = "BadDesign", "BadDesign\BadDesign.csproj", "{33822E3A-6DB5-4D2A-AC55-630EF011ACDD}"
EndProject
Project("{FAE04EC0-301F-11D3-BF4B-00C04F79EFBC}") = "BetterDesign", "BetterDesign\BetterDesign.csproj", "{5CCE3460-5156-4A22-B078-01B7326FCC7D}"
EndProject
Global
	GlobalSection(SolutionConfigurationPlatforms) = preSolution
		Debug|Any CPU = Debug|Any CPU
		Release|Any CPU = Release|Any CPU
	EndGlobalSection
	GlobalSection(ProjectConfigurationPlatforms) = postSolution
		{33822E3A-6DB5-4D2A-AC55-630EF011ACDD}.Debug|Any CPU.ActiveCfg = Debug|Any CPU
		{33822E3A-6DB5-4D2A-AC55-630EF011ACDD}.Debug|Any CPU.Build.0 = Debug|Any CPU
		{33822E3A-6DB5-4D2A-AC55-630EF011ACDD}.Release|Any CPU.ActiveCfg = Release|Any CPU
		{33822E3A-6DB5-4D2A-AC55-630EF011ACDD}.Release|Any CPU.Build.0 = Release|Any CPU
		{5CCE3460-5156-4A22-B078-01B7326FCC7D}.Debug|Any CPU.ActiveCfg = Debug|Any CPU
		{5CCE3460-5156-4A22-B078-01B7326FCC7D}.Debug|Any CPU.Build.0 = Debug|Any CPU
		{5CCE3460-5156-4A22-B078-01B7326FCC7D}.Release|Any CPU.ActiveCfg = Release|Any CPU
		{5CCE3460-5156-4A22-B078-01B7326FCC7D}.Release|Any CPU.Build.0 = Release|Any CPU
	EndGlobalSection
	GlobalSection(SolutionProperties) = preSolution
		HideSolutionNode = FALSE
	EndGlobalSection
EndGlobal
